
Microsoft Visual Studio Solution File, Format Version 12.00
# Visual Studio Version 17
VisualStudioVersion = 17.11.35219.272
MinimumVisualStudioVersion = 10.0.40219.1
Project("{FAE04EC0-301F-11D3-BF4B-00C04F79EFBC}") = "Capa_Vista_Citas", "Capa_Vista_Citas\Capa_Vista_Citas.csproj", "{231FF52C-8AE5-43EF-8073-7817F49D631D}"
EndProject
Global
	GlobalSection(SolutionConfigurationPlatforms) = preSolution
		Debug|Any CPU = Debug|Any CPU
		Release|Any CPU = Release|Any CPU
	EndGlobalSection
	GlobalSection(ProjectConfigurationPlatforms) = postSolution
		{231FF52C-8AE5-43EF-8073-7817F49D631D}.Debug|Any CPU.ActiveCfg = Debug|Any CPU
		{231FF52C-8AE5-43EF-8073-7817F49D631D}.Debug|Any CPU.Build.0 = Debug|Any CPU
		{231FF52C-8AE5-43EF-8073-7817F49D631D}.Release|Any CPU.ActiveCfg = Release|Any CPU
		{231FF52C-8AE5-43EF-8073-7817F49D631D}.Release|Any CPU.Build.0 = Release|Any CPU
	EndGlobalSection
	GlobalSection(SolutionProperties) = preSolution
		HideSolutionNode = FALSE
	EndGlobalSection
	GlobalSection(ExtensibilityGlobals) = postSolution
		SolutionGuid = {22A89D29-1EDE-436D-8536-8A8DBEEAB770}
	EndGlobalSection
EndGlobal
